
Microsoft Visual Studio Solution File, Format Version 12.00
# Visual Studio Version 16
VisualStudioVersion = 16.0.31321.278
MinimumVisualStudioVersion = 10.0.40219.1
Project("{9A19103F-16F7-4668-BE54-9A1E7A4F7556}") = "AutoScaleService.API", "AutoScaleService.API\AutoScaleService.API.csproj", "{976416F3-F5B6-4FBC-B941-22F2F1AB6744}"
EndProject
Project("{9A19103F-16F7-4668-BE54-9A1E7A4F7556}") = "AutoScaleService.Models", "AutoScaleService.Models\AutoScaleService.Models.csproj", "{A55F574B-DA85-4C55-866F-C8B9D5ADCEBB}"
EndProject
Project("{9A19103F-16F7-4668-BE54-9A1E7A4F7556}") = "AutoScaleService.AbstractQueue", "AutoScaleService.AbstractQueue\AutoScaleService.AbstractQueue.csproj", "{5836FC0A-C6F1-4457-8C33-86CC06D44D58}"
EndProject
Project("{9A19103F-16F7-4668-BE54-9A1E7A4F7556}") = "AutoScaleService.Notifications", "AutoScaleService.Notifications\AutoScaleService.Notifications.csproj", "{A5EB460E-1F53-4BCA-A071-43F8A7F001B0}"
EndProject
Project("{FAE04EC0-301F-11D3-BF4B-00C04F79EFBC}") = "AutoScaleService.Queue", "AutoScaleService.Queue\AutoScaleService.Queue.csproj", "{709ACCE8-35A6-474E-924A-DB0FFA9650FA}"
EndProject
Project("{FAE04EC0-301F-11D3-BF4B-00C04F79EFBC}") = "AutoScaleService.Client", "AutoScaleService.Client\AutoScaleService.Client.csproj", "{152832CD-6409-4276-A1F0-D5B7D4F932B8}"
EndProject
Global
	GlobalSection(SolutionConfigurationPlatforms) = preSolution
		Debug|Any CPU = Debug|Any CPU
		Release|Any CPU = Release|Any CPU
	EndGlobalSection
	GlobalSection(ProjectConfigurationPlatforms) = postSolution
		{976416F3-F5B6-4FBC-B941-22F2F1AB6744}.Debug|Any CPU.ActiveCfg = Debug|Any CPU
		{976416F3-F5B6-4FBC-B941-22F2F1AB6744}.Debug|Any CPU.Build.0 = Debug|Any CPU
		{976416F3-F5B6-4FBC-B941-22F2F1AB6744}.Release|Any CPU.ActiveCfg = Release|Any CPU
		{976416F3-F5B6-4FBC-B941-22F2F1AB6744}.Release|Any CPU.Build.0 = Release|Any CPU
		{A55F574B-DA85-4C55-866F-C8B9D5ADCEBB}.Debug|Any CPU.ActiveCfg = Debug|Any CPU
		{A55F574B-DA85-4C55-866F-C8B9D5ADCEBB}.Debug|Any CPU.Build.0 = Debug|Any CPU
		{A55F574B-DA85-4C55-866F-C8B9D5ADCEBB}.Release|Any CPU.ActiveCfg = Release|Any CPU
		{A55F574B-DA85-4C55-866F-C8B9D5ADCEBB}.Release|Any CPU.Build.0 = Release|Any CPU
		{5836FC0A-C6F1-4457-8C33-86CC06D44D58}.Debug|Any CPU.ActiveCfg = Debug|Any CPU
		{5836FC0A-C6F1-4457-8C33-86CC06D44D58}.Debug|Any CPU.Build.0 = Debug|Any CPU
		{5836FC0A-C6F1-4457-8C33-86CC06D44D58}.Release|Any CPU.ActiveCfg = Release|Any CPU
		{5836FC0A-C6F1-4457-8C33-86CC06D44D58}.Release|Any CPU.Build.0 = Release|Any CPU
		{A5EB460E-1F53-4BCA-A071-43F8A7F001B0}.Debug|Any CPU.ActiveCfg = Debug|Any CPU
		{A5EB460E-1F53-4BCA-A071-43F8A7F001B0}.Debug|Any CPU.Build.0 = Debug|Any CPU
		{A5EB460E-1F53-4BCA-A071-43F8A7F001B0}.Release|Any CPU.ActiveCfg = Release|Any CPU
		{A5EB460E-1F53-4BCA-A071-43F8A7F001B0}.Release|Any CPU.Build.0 = Release|Any CPU
		{709ACCE8-35A6-474E-924A-DB0FFA9650FA}.Debug|Any CPU.ActiveCfg = Debug|Any CPU
		{709ACCE8-35A6-474E-924A-DB0FFA9650FA}.Debug|Any CPU.Build.0 = Debug|Any CPU
		{709ACCE8-35A6-474E-924A-DB0FFA9650FA}.Release|Any CPU.ActiveCfg = Release|Any CPU
		{709ACCE8-35A6-474E-924A-DB0FFA9650FA}.Release|Any CPU.Build.0 = Release|Any CPU
		{152832CD-6409-4276-A1F0-D5B7D4F932B8}.Debug|Any CPU.ActiveCfg = Debug|Any CPU
		{152832CD-6409-4276-A1F0-D5B7D4F932B8}.Debug|Any CPU.Build.0 = Debug|Any CPU
		{152832CD-6409-4276-A1F0-D5B7D4F932B8}.Release|Any CPU.ActiveCfg = Release|Any CPU
		{152832CD-6409-4276-A1F0-D5B7D4F932B8}.Release|Any CPU.Build.0 = Release|Any CPU
	EndGlobalSection
	GlobalSection(SolutionProperties) = preSolution
		HideSolutionNode = FALSE
	EndGlobalSection
	GlobalSection(ExtensibilityGlobals) = postSolution
		SolutionGuid = {320AC004-9515-45BD-B593-E709FA2867D8}
	EndGlobalSection
EndGlobal
